
Microsoft Visual Studio Solution File, Format Version 12.00
# Visual Studio 15
VisualStudioVersion = 15.0.28307.168
MinimumVisualStudioVersion = 10.0.40219.1
Project("{FAE04EC0-301F-11D3-BF4B-00C04F79EFBC}") = "AspnWebServiceDB", "AspnWebServiceDB\AspnWebServiceDB.csproj", "{1A054BC8-BF32-4528-9FB1-1F82DD0A1950}"
EndProject
Project("{FAE04EC0-301F-11D3-BF4B-00C04F79EFBC}") = "DAL", "DAL\DAL.csproj", "{8FF36ED0-FF63-45CC-90FE-CDB17CAC60F8}"
EndProject
Project("{FAE04EC0-301F-11D3-BF4B-00C04F79EFBC}") = "DTO", "DTO\DTO.csproj", "{C01CCA06-47B6-4708-90D7-1B4FC6C78A5E}"
EndProject
Project("{FAE04EC0-301F-11D3-BF4B-00C04F79EFBC}") = "BLL", "BLL\BLL.csproj", "{20AD6E87-5717-4831-A26F-32C0C7D9E1EC}"
EndProject
Global
	GlobalSection(SolutionConfigurationPlatforms) = preSolution
		Debug|Any CPU = Debug|Any CPU
		Release|Any CPU = Release|Any CPU
	EndGlobalSection
	GlobalSection(ProjectConfigurationPlatforms) = postSolution
		{1A054BC8-BF32-4528-9FB1-1F82DD0A1950}.Debug|Any CPU.ActiveCfg = Debug|Any CPU
		{1A054BC8-BF32-4528-9FB1-1F82DD0A1950}.Debug|Any CPU.Build.0 = Debug|Any CPU
		{1A054BC8-BF32-4528-9FB1-1F82DD0A1950}.Release|Any CPU.ActiveCfg = Release|Any CPU
		{1A054BC8-BF32-4528-9FB1-1F82DD0A1950}.Release|Any CPU.Build.0 = Release|Any CPU
		{8FF36ED0-FF63-45CC-90FE-CDB17CAC60F8}.Debug|Any CPU.ActiveCfg = Debug|Any CPU
		{8FF36ED0-FF63-45CC-90FE-CDB17CAC60F8}.Debug|Any CPU.Build.0 = Debug|Any CPU
		{8FF36ED0-FF63-45CC-90FE-CDB17CAC60F8}.Release|Any CPU.ActiveCfg = Release|Any CPU
		{8FF36ED0-FF63-45CC-90FE-CDB17CAC60F8}.Release|Any CPU.Build.0 = Release|Any CPU
		{C01CCA06-47B6-4708-90D7-1B4FC6C78A5E}.Debug|Any CPU.ActiveCfg = Debug|Any CPU
		{C01CCA06-47B6-4708-90D7-1B4FC6C78A5E}.Debug|Any CPU.Build.0 = Debug|Any CPU
		{C01CCA06-47B6-4708-90D7-1B4FC6C78A5E}.Release|Any CPU.ActiveCfg = Release|Any CPU
		{C01CCA06-47B6-4708-90D7-1B4FC6C78A5E}.Release|Any CPU.Build.0 = Release|Any CPU
		{20AD6E87-5717-4831-A26F-32C0C7D9E1EC}.Debug|Any CPU.ActiveCfg = Debug|Any CPU
		{20AD6E87-5717-4831-A26F-32C0C7D9E1EC}.Debug|Any CPU.Build.0 = Debug|Any CPU
		{20AD6E87-5717-4831-A26F-32C0C7D9E1EC}.Release|Any CPU.ActiveCfg = Release|Any CPU
		{20AD6E87-5717-4831-A26F-32C0C7D9E1EC}.Release|Any CPU.Build.0 = Release|Any CPU
	EndGlobalSection
	GlobalSection(SolutionProperties) = preSolution
		HideSolutionNode = FALSE
	EndGlobalSection
	GlobalSection(ExtensibilityGlobals) = postSolution
		SolutionGuid = {2A212985-1750-4469-8F8B-2D411A7930FE}
	EndGlobalSection
EndGlobal
